// !$*UTF8*$!
{
	archiveVersion = 1;
	classes = {
	};
	objectVersion = 46;
	objects = {

/* Begin PBXBuildFile section */
		28C603CB1924D1ED008A1E5D /* Foundation.framework in Frameworks */ = {isa = PBXBuildFile; fileRef = 28C603CA1924D1ED008A1E5D /* Foundation.framework */; };
		28C603CD1924D1EE008A1E5D /* CoreGraphics.framework in Frameworks */ = {isa = PBXBuildFile; fileRef = 28C603CC1924D1EE008A1E5D /* CoreGraphics.framework */; };
		28C603CF1924D1EE008A1E5D /* UIKit.framework in Frameworks */ = {isa = PBXBuildFile; fileRef = 28C603CE1924D1EE008A1E5D /* UIKit.framework */; };
		28C603D51924D1EE008A1E5D /* InfoPlist.strings in Resources */ = {isa = PBXBuildFile; fileRef = 28C603D31924D1EE008A1E5D /* InfoPlist.strings */; };
		28C603D71924D1EE008A1E5D /* main.m in Sources */ = {isa = PBXBuildFile; fileRef = 28C603D61924D1EE008A1E5D /* main.m */; };
		28C603DB1924D1EE008A1E5D /* AppDelegate.m in Sources */ = {isa = PBXBuildFile; fileRef = 28C603DA1924D1EE008A1E5D /* AppDelegate.m */; };
		28C603E31924D1EE008A1E5D /* Images.xcassets in Resources */ = {isa = PBXBuildFile; fileRef = 28C603E21924D1EE008A1E5D /* Images.xcassets */; };
		28C603EA1924D1EE008A1E5D /* XCTest.framework in Frameworks */ = {isa = PBXBuildFile; fileRef = 28C603E91924D1EE008A1E5D /* XCTest.framework */; };
		28C603EB1924D1EE008A1E5D /* Foundation.framework in Frameworks */ = {isa = PBXBuildFile; fileRef = 28C603CA1924D1ED008A1E5D /* Foundation.framework */; };
		28C603EC1924D1EE008A1E5D /* UIKit.framework in Frameworks */ = {isa = PBXBuildFile; fileRef = 28C603CE1924D1EE008A1E5D /* UIKit.framework */; };
		28C603F41924D1EE008A1E5D /* InfoPlist.strings in Resources */ = {isa = PBXBuildFile; fileRef = 28C603F21924D1EE008A1E5D /* InfoPlist.strings */; };
		28C603F61924D1EE008A1E5D /* iBeaconDemoTests.m in Sources */ = {isa = PBXBuildFile; fileRef = 28C603F51924D1EE008A1E5D /* iBeaconDemoTests.m */; };
		28C604011924D226008A1E5D /* SenderViewController.m in Sources */ = {isa = PBXBuildFile; fileRef = 28C604001924D226008A1E5D /* SenderViewController.m */; };
		28C604041924D23B008A1E5D /* ReceiverViewController.m in Sources */ = {isa = PBXBuildFile; fileRef = 28C604031924D23B008A1E5D /* ReceiverViewController.m */; };
		28C604061924D4A2008A1E5D /* Main.storyboard in Resources */ = {isa = PBXBuildFile; fileRef = 28C604051924D4A2008A1E5D /* Main.storyboard */; };
/* End PBXBuildFile section */

/* Begin PBXContainerItemProxy section */
		28C603ED1924D1EE008A1E5D /* PBXContainerItemProxy */ = {
			isa = PBXContainerItemProxy;
			containerPortal = 28C603BF1924D1ED008A1E5D /* Project object */;
			proxyType = 1;
			remoteGlobalIDString = 28C603C61924D1ED008A1E5D;
			remoteInfo = iBeaconDemo;
		};
/* End PBXContainerItemProxy section */

/* Begin PBXFileReference section */
		28C603C71924D1ED008A1E5D /* iBeaconDemo.app */ = {isa = PBXFileReference; explicitFileType = wrapper.application; includeInIndex = 0; path = iBeaconDemo.app; sourceTree = BUILT_PRODUCTS_DIR; };
		28C603CA1924D1ED008A1E5D /* Foundation.framework */ = {isa = PBXFileReference; lastKnownFileType = wrapper.framework; name = Foundation.framework; path = System/Library/Frameworks/Foundation.framework; sourceTree = SDKROOT; };
		28C603CC1924D1EE008A1E5D /* CoreGraphics.framework */ = {isa = PBXFileReference; lastKnownFileType = wrapper.framework; name = CoreGraphics.framework; path = System/Library/Frameworks/CoreGraphics.framework; sourceTree = SDKROOT; };
		28C603CE1924D1EE008A1E5D /* UIKit.framework */ = {isa = PBXFileReference; lastKnownFileType = wrapper.framework; name = UIKit.framework; path = System/Library/Frameworks/UIKit.framework; sourceTree = SDKROOT; };
		28C603D21924D1EE008A1E5D /* iBeaconDemo-Info.plist */ = {isa = PBXFileReference; lastKnownFileType = text.plist.xml; path = "iBeaconDemo-Info.plist"; sourceTree = "<group>"; };
		28C603D41924D1EE008A1E5D /* en */ = {isa = PBXFileReference; lastKnownFileType = text.plist.strings; name = en; path = en.lproj/InfoPlist.strings; sourceTree = "<group>"; };
		28C603D61924D1EE008A1E5D /* main.m */ = {isa = PBXFileReference; lastKnownFileType = sourcecode.c.objc; path = main.m; sourceTree = "<group>"; };
		28C603D81924D1EE008A1E5D /* iBeaconDemo-Prefix.pch */ = {isa = PBXFileReference; lastKnownFileType = sourcecode.c.h; path = "iBeaconDemo-Prefix.pch"; sourceTree = "<group>"; };
		28C603D91924D1EE008A1E5D /* AppDelegate.h */ = {isa = PBXFileReference; lastKnownFileType = sourcecode.c.h; path = AppDelegate.h; sourceTree = "<group>"; };
		28C603DA1924D1EE008A1E5D /* AppDelegate.m */ = {isa = PBXFileReference; lastKnownFileType = sourcecode.c.objc; path = AppDelegate.m; sourceTree = "<group>"; };
		28C603E21924D1EE008A1E5D /* Images.xcassets */ = {isa = PBXFileReference; lastKnownFileType = folder.assetcatalog; path = Images.xcassets; sourceTree = "<group>"; };
		28C603E81924D1EE008A1E5D /* iBeaconDemoTests.xctest */ = {isa = PBXFileReference; explicitFileType = wrapper.cfbundle; includeInIndex = 0; path = iBeaconDemoTests.xctest; sourceTree = BUILT_PRODUCTS_DIR; };
		28C603E91924D1EE008A1E5D /* XCTest.framework */ = {isa = PBXFileReference; lastKnownFileType = wrapper.framework; name = XCTest.framework; path = Library/Frameworks/XCTest.framework; sourceTree = DEVELOPER_DIR; };
		28C603F11924D1EE008A1E5D /* iBeaconDemoTests-Info.plist */ = {isa = PBXFileReference; lastKnownFileType = text.plist.xml; path = "iBeaconDemoTests-Info.plist"; sourceTree = "<group>"; };
		28C603F31924D1EE008A1E5D /* en */ = {isa = PBXFileReference; lastKnownFileType = text.plist.strings; name = en; path = en.lproj/InfoPlist.strings; sourceTree = "<group>"; };
		28C603F51924D1EE008A1E5D /* iBeaconDemoTests.m */ = {isa = PBXFileReference; lastKnownFileType = sourcecode.c.objc; path = iBeaconDemoTests.m; sourceTree = "<group>"; };
		28C603FF1924D226008A1E5D /* SenderViewController.h */ = {isa = PBXFileReference; fileEncoding = 4; lastKnownFileType = sourcecode.c.h; path = SenderViewController.h; sourceTree = "<group>"; };
		28C604001924D226008A1E5D /* SenderViewController.m */ = {isa = PBXFileReference; fileEncoding = 4; lastKnownFileType = sourcecode.c.objc; path = SenderViewController.m; sourceTree = "<group>"; };
		28C604021924D23B008A1E5D /* ReceiverViewController.h */ = {isa = PBXFileReference; fileEncoding = 4; lastKnownFileType = sourcecode.c.h; path = ReceiverViewController.h; sourceTree = "<group>"; };
		28C604031924D23B008A1E5D /* ReceiverViewController.m */ = {isa = PBXFileReference; fileEncoding = 4; lastKnownFileType = sourcecode.c.objc; path = ReceiverViewController.m; sourceTree = "<group>"; };
		28C604051924D4A2008A1E5D /* Main.storyboard */ = {isa = PBXFileReference; fileEncoding = 4; lastKnownFileType = file.storyboard; path = Main.storyboard; sourceTree = "<group>"; };
/* End PBXFileReference section */

/* Begin PBXFrameworksBuildPhase section */
		28C603C41924D1ED008A1E5D /* Frameworks */ = {
			isa = PBXFrameworksBuildPhase;
			buildActionMask = 2147483647;
			files = (
				28C603CD1924D1EE008A1E5D /* CoreGraphics.framework in Frameworks */,
				28C603CF1924D1EE008A1E5D /* UIKit.framework in Frameworks */,
				28C603CB1924D1ED008A1E5D /* Foundation.framework in Frameworks */,
			);
			runOnlyForDeploymentPostprocessing = 0;
		};
		28C603E51924D1EE008A1E5D /* Frameworks */ = {
			isa = PBXFrameworksBuildPhase;
			buildActionMask = 2147483647;
			files = (
				28C603EA1924D1EE008A1E5D /* XCTest.framework in Frameworks */,
				28C603EC1924D1EE008A1E5D /* UIKit.framework in Frameworks */,
				28C603EB1924D1EE008A1E5D /* Foundation.framework in Frameworks */,
			);
			runOnlyForDeploymentPostprocessing = 0;
		};
/* End PBXFrameworksBuildPhase section */

/* Begin PBXGroup section */
		28C603BE1924D1ED008A1E5D = {
			isa = PBXGroup;
			children = (
				28C603D01924D1EE008A1E5D /* iBeaconDemo */,
				28C603EF1924D1EE008A1E5D /* iBeaconDemoTests */,
				28C603C91924D1ED008A1E5D /* Frameworks */,
				28C603C81924D1ED008A1E5D /* Products */,
			);
			sourceTree = "<group>";
		};
		28C603C81924D1ED008A1E5D /* Products */ = {
			isa = PBXGroup;
			children = (
				28C603C71924D1ED008A1E5D /* iBeaconDemo.app */,
				28C603E81924D1EE008A1E5D /* iBeaconDemoTests.xctest */,
			);
			name = Products;
			sourceTree = "<group>";
		};
		28C603C91924D1ED008A1E5D /* Frameworks */ = {
			isa = PBXGroup;
			children = (
				28C603CA1924D1ED008A1E5D /* Foundation.framework */,
				28C603CC1924D1EE008A1E5D /* CoreGraphics.framework */,
				28C603CE1924D1EE008A1E5D /* UIKit.framework */,
				28C603E91924D1EE008A1E5D /* XCTest.framework */,
			);
			name = Frameworks;
			sourceTree = "<group>";
		};
		28C603D01924D1EE008A1E5D /* iBeaconDemo */ = {
			isa = PBXGroup;
			children = (
				28C603D91924D1EE008A1E5D /* AppDelegate.h */,
				28C603DA1924D1EE008A1E5D /* AppDelegate.m */,
				28C603FF1924D226008A1E5D /* SenderViewController.h */,
				28C604001924D226008A1E5D /* SenderViewController.m */,
				28C604021924D23B008A1E5D /* ReceiverViewController.h */,
				28C604031924D23B008A1E5D /* ReceiverViewController.m */,
				28C603E21924D1EE008A1E5D /* Images.xcassets */,
				28C603D11924D1EE008A1E5D /* Supporting Files */,
				28C604051924D4A2008A1E5D /* Main.storyboard */,
			);
			path = iBeaconDemo;
			sourceTree = "<group>";
		};
		28C603D11924D1EE008A1E5D /* Supporting Files */ = {
			isa = PBXGroup;
			children = (
				28C603D21924D1EE008A1E5D /* iBeaconDemo-Info.plist */,
				28C603D31924D1EE008A1E5D /* InfoPlist.strings */,
				28C603D61924D1EE008A1E5D /* main.m */,
				28C603D81924D1EE008A1E5D /* iBeaconDemo-Prefix.pch */,
			);
			name = "Supporting Files";
			sourceTree = "<group>";
		};
		28C603EF1924D1EE008A1E5D /* iBeaconDemoTests */ = {
			isa = PBXGroup;
			children = (
				28C603F51924D1EE008A1E5D /* iBeaconDemoTests.m */,
				28C603F01924D1EE008A1E5D /* Supporting Files */,
			);
			path = iBeaconDemoTests;
			sourceTree = "<group>";
		};
		28C603F01924D1EE008A1E5D /* Supporting Files */ = {
			isa = PBXGroup;
			children = (
				28C603F11924D1EE008A1E5D /* iBeaconDemoTests-Info.plist */,
				28C603F21924D1EE008A1E5D /* InfoPlist.strings */,
			);
			name = "Supporting Files";
			sourceTree = "<group>";
		};
/* End PBXGroup section */

/* Begin PBXNativeTarget section */
		28C603C61924D1ED008A1E5D /* iBeaconDemo */ = {
			isa = PBXNativeTarget;
			buildConfigurationList = 28C603F91924D1EE008A1E5D /* Build configuration list for PBXNativeTarget "iBeaconDemo" */;
			buildPhases = (
				28C603C31924D1ED008A1E5D /* Sources */,
				28C603C41924D1ED008A1E5D /* Frameworks */,
				28C603C51924D1ED008A1E5D /* Resources */,
			);
			buildRules = (
			);
			dependencies = (
			);
			name = iBeaconDemo;
			productName = iBeaconDemo;
			productReference = 28C603C71924D1ED008A1E5D /* iBeaconDemo.app */;
			productType = "com.apple.product-type.application";
		};
		28C603E71924D1EE008A1E5D /* iBeaconDemoTests */ = {
			isa = PBXNativeTarget;
			buildConfigurationList = 28C603FC1924D1EE008A1E5D /* Build configuration list for PBXNativeTarget "iBeaconDemoTests" */;
			buildPhases = (
				28C603E41924D1EE008A1E5D /* Sources */,
				28C603E51924D1EE008A1E5D /* Frameworks */,
				28C603E61924D1EE008A1E5D /* Resources */,
			);
			buildRules = (
			);
			dependencies = (
				28C603EE1924D1EE008A1E5D /* PBXTargetDependency */,
			);
			name = iBeaconDemoTests;
			productName = iBeaconDemoTests;
			productReference = 28C603E81924D1EE008A1E5D /* iBeaconDemoTests.xctest */;
			productType = "com.apple.product-type.bundle.unit-test";
		};
/* End PBXNativeTarget section */

/* Begin PBXProject section */
		28C603BF1924D1ED008A1E5D /* Project object */ = {
			isa = PBXProject;
			attributes = {
				LastUpgradeCheck = 0510;
				ORGANIZATIONNAME = "Wonderplanet Inc.";
				TargetAttributes = {
					28C603C61924D1ED008A1E5D = {
						DevelopmentTeam = X94E24VRVU;
					};
					28C603E71924D1EE008A1E5D = {
						TestTargetID = 28C603C61924D1ED008A1E5D;
					};
				};
			};
			buildConfigurationList = 28C603C21924D1ED008A1E5D /* Build configuration list for PBXProject "iBeaconDemo" */;
			compatibilityVersion = "Xcode 3.2";
			developmentRegion = English;
			hasScannedForEncodings = 0;
			knownRegions = (
				en,
				Base,
			);
			mainGroup = 28C603BE1924D1ED008A1E5D;
			productRefGroup = 28C603C81924D1ED008A1E5D /* Products */;
			projectDirPath = "";
			projectRoot = "";
			targets = (
				28C603C61924D1ED008A1E5D /* iBeaconDemo */,
				28C603E71924D1EE008A1E5D /* iBeaconDemoTests */,
			);
		};
/* End PBXProject section */

/* Begin PBXResourcesBuildPhase section */
		28C603C51924D1ED008A1E5D /* Resources */ = {
			isa = PBXResourcesBuildPhase;
			buildActionMask = 2147483647;
			files = (
				28C604061924D4A2008A1E5D /* Main.storyboard in Resources */,
				28C603E31924D1EE008A1E5D /* Images.xcassets in Resources */,
				28C603D51924D1EE008A1E5D /* InfoPlist.strings in Resources */,
			);
			runOnlyForDeploymentPostprocessing = 0;
		};
		28C603E61924D1EE008A1E5D /* Resources */ = {
			isa = PBXResourcesBuildPhase;
			buildActionMask = 2147483647;
			files = (
				28C603F41924D1EE008A1E5D /* InfoPlist.strings in Resources */,
			);
			runOnlyForDeploymentPostprocessing = 0;
		};
/* End PBXResourcesBuildPhase section */

/* Begin PBXSourcesBuildPhase section */
		28C603C31924D1ED008A1E5D /* Sources */ = {
			isa = PBXSourcesBuildPhase;
			buildActionMask = 2147483647;
			files = (
				28C604041924D23B008A1E5D /* ReceiverViewController.m in Sources */,
				28C604011924D226008A1E5D /* SenderViewController.m in Sources */,
				28C603DB1924D1EE008A1E5D /* AppDelegate.m in Sources */,
				28C603D71924D1EE008A1E5D /* main.m in Sources */,
			);
			runOnlyForDeploymentPostprocessing = 0;
		};
		28C603E41924D1EE008A1E5D /* Sources */ = {
			isa = PBXSourcesBuildPhase;
			buildActionMask = 2147483647;
			files = (
				28C603F61924D1EE008A1E5D /* iBeaconDemoTests.m in Sources */,
			);
			runOnlyForDeploymentPostprocessing = 0;
		};
/* End PBXSourcesBuildPhase section */

/* Begin PBXTargetDependency section */
		28C603EE1924D1EE008A1E5D /* PBXTargetDependency */ = {
			isa = PBXTargetDependency;
			target = 28C603C61924D1ED008A1E5D /* iBeaconDemo */;
			targetProxy = 28C603ED1924D1EE008A1E5D /* PBXContainerItemProxy */;
		};
/* End PBXTargetDependency section */

/* Begin PBXVariantGroup section */
		28C603D31924D1EE008A1E5D /* InfoPlist.strings */ = {
			isa = PBXVariantGroup;
			children = (
				28C603D41924D1EE008A1E5D /* en */,
			);
			name = InfoPlist.strings;
			sourceTree = "<group>";
		};
		28C603F21924D1EE008A1E5D /* InfoPlist.strings */ = {
			isa = PBXVariantGroup;
			children = (
				28C603F31924D1EE008A1E5D /* en */,
			);
			name = InfoPlist.strings;
			sourceTree = "<group>";
		};
/* End PBXVariantGroup section */

/* Begin XCBuildConfiguration section */
		28C603F71924D1EE008A1E5D /* Debug */ = {
			isa = XCBuildConfiguration;
			buildSettings = {
				ALWAYS_SEARCH_USER_PATHS = NO;
				CLANG_CXX_LANGUAGE_STANDARD = "gnu++0x";
				CLANG_CXX_LIBRARY = "libc++";
				CLANG_ENABLE_MODULES = YES;
				CLANG_ENABLE_OBJC_ARC = YES;
				CLANG_WARN_BOOL_CONVERSION = YES;
				CLANG_WARN_CONSTANT_CONVERSION = YES;
				CLANG_WARN_DIRECT_OBJC_ISA_USAGE = YES_ERROR;
				CLANG_WARN_EMPTY_BODY = YES;
				CLANG_WARN_ENUM_CONVERSION = YES;
				CLANG_WARN_INT_CONVERSION = YES;
				CLANG_WARN_OBJC_ROOT_CLASS = YES_ERROR;
				CLANG_WARN__DUPLICATE_METHOD_MATCH = YES;
				"CODE_SIGN_IDENTITY[sdk=iphoneos*]" = "iPhone Developer";
				COPY_PHASE_STRIP = NO;
				GCC_C_LANGUAGE_STANDARD = gnu99;
				GCC_DYNAMIC_NO_PIC = NO;
				GCC_OPTIMIZATION_LEVEL = 0;
				GCC_PREPROCESSOR_DEFINITIONS = (
					"DEBUG=1",
					"$(inherited)",
				);
				GCC_SYMBOLS_PRIVATE_EXTERN = NO;
				GCC_WARN_64_TO_32_BIT_CONVERSION = YES;
				GCC_WARN_ABOUT_RETURN_TYPE = YES_ERROR;
				GCC_WARN_UNDECLARED_SELECTOR = YES;
				GCC_WARN_UNINITIALIZED_AUTOS = YES_AGGRESSIVE;
				GCC_WARN_UNUSED_FUNCTION = YES;
				GCC_WARN_UNUSED_VARIABLE = YES;
				IPHONEOS_DEPLOYMENT_TARGET = 7.1;
				ONLY_ACTIVE_ARCH = YES;
				SDKROOT = iphoneos;
				TARGETED_DEVICE_FAMILY = 2;
			};
			name = Debug;
		};
		28C603F81924D1EE008A1E5D /* Release */ = {
			isa = XCBuildConfiguration;
			buildSettings = {
				ALWAYS_SEARCH_USER_PATHS = NO;
				CLANG_CXX_LANGUAGE_STANDARD = "gnu++0x";
				CLANG_CXX_LIBRARY = "libc++";
				CLANG_ENABLE_MODULES = YES;
				CLANG_ENABLE_OBJC_ARC = YES;
				CLANG_WARN_BOOL_CONVERSION = YES;
				CLANG_WARN_CONSTANT_CONVERSION = YES;
				CLANG_WARN_DIRECT_OBJC_ISA_USAGE = YES_ERROR;
				CLANG_WARN_EMPTY_BODY = YES;
				CLANG_WARN_ENUM_CONVERSION = YES;
				CLANG_WARN_INT_CONVERSION = YES;
				CLANG_WARN_OBJC_ROOT_CLASS = YES_ERROR;
				CLANG_WARN__DUPLICATE_METHOD_MATCH = YES;
				"CODE_SIGN_IDENTITY[sdk=iphoneos*]" = "iPhone Developer";
				COPY_PHASE_STRIP = YES;
				ENABLE_NS_ASSERTIONS = NO;
				GCC_C_LANGUAGE_STANDARD = gnu99;
				GCC_WARN_64_TO_32_BIT_CONVERSION = YES;
				GCC_WARN_ABOUT_RETURN_TYPE = YES_ERROR;
				GCC_WARN_UNDECLARED_SELECTOR = YES;
				GCC_WARN_UNINITIALIZED_AUTOS = YES_AGGRESSIVE;
				GCC_WARN_UNUSED_FUNCTION = YES;
				GCC_WARN_UNUSED_VARIABLE = YES;
				IPHONEOS_DEPLOYMENT_TARGET = 7.1;
				SDKROOT = iphoneos;
				TARGETED_DEVICE_FAMILY = 2;
				VALIDATE_PRODUCT = YES;
			};
			name = Release;
		};
		28C603FA1924D1EE008A1E5D /* Debug */ = {
			isa = XCBuildConfiguration;
			buildSettings = {
				ASSETCATALOG_COMPILER_APPICON_NAME = AppIcon;
				ASSETCATALOG_COMPILER_LAUNCHIMAGE_NAME = LaunchImage;
				CODE_SIGN_IDENTITY = "iPhone Developer";
				GCC_PRECOMPILE_PREFIX_HEADER = YES;
				GCC_PREFIX_HEADER = "iBeaconDemo/iBeaconDemo-Prefix.pch";
				INFOPLIST_FILE = "iBeaconDemo/iBeaconDemo-Info.plist";
				PRODUCT_NAME = "$(TARGET_NAME)";
				TARGETED_DEVICE_FAMILY = 1;
				WRAPPER_EXTENSION = app;
			};
			name = Debug;
		};
		28C603FB1924D1EE008A1E5D /* Release */ = {
			isa = XCBuildConfiguration;
			buildSettings = {
				ASSETCATALOG_COMPILER_APPICON_NAME = AppIcon;
				ASSETCATALOG_COMPILER_LAUNCHIMAGE_NAME = LaunchImage;
				CODE_SIGN_IDENTITY = "iPhone Developer";
				GCC_PRECOMPILE_PREFIX_HEADER = YES;
				GCC_PREFIX_HEADER = "iBeaconDemo/iBeaconDemo-Prefix.pch";
				INFOPLIST_FILE = "iBeaconDemo/iBeaconDemo-Info.plist";
				PRODUCT_NAME = "$(TARGET_NAME)";
				TARGETED_DEVICE_FAMILY = 1;
				WRAPPER_EXTENSION = app;
			};
			name = Release;
		};
		28C603FD1924D1EE008A1E5D /* Debug */ = {
			isa = XCBuildConfiguration;
			buildSettings = {
				BUNDLE_LOADER = "$(BUILT_PRODUCTS_DIR)/iBeaconDemo.app/iBeaconDemo";
				FRAMEWORK_SEARCH_PATHS = (
					"$(SDKROOT)/Developer/Library/Frameworks",
					"$(inherited)",
					"$(DEVELOPER_FRAMEWORKS_DIR)",
				);
				GCC_PRECOMPILE_PREFIX_HEADER = YES;
				GCC_PREFIX_HEADER = "iBeaconDemo/iBeaconDemo-Prefix.pch";
				GCC_PREPROCESSOR_DEFINITIONS = (
					"DEBUG=1",
					"$(inherited)",
				);
				INFOPLIST_FILE = "iBeaconDemoTests/iBeaconDemoTests-Info.plist";
				PRODUCT_NAME = "$(TARGET_NAME)";
				TEST_HOST = "$(BUNDLE_LOADER)";
				WRAPPER_EXTENSION = xctest;
			};
			name = Debug;
		};
		28C603FE1924D1EE008A1E5D /* Release */ = {
			isa = XCBuildConfiguration;
			buildSettings = {
				BUNDLE_LOADER = "$(BUILT_PRODUCTS_DIR)/iBeaconDemo.app/iBeaconDemo";
				FRAMEWORK_SEARCH_PATHS = (
					"$(SDKROOT)/Developer/Library/Frameworks",
					"$(inherited)",
					"$(DEVELOPER_FRAMEWORKS_DIR)",
				);
				GCC_PRECOMPILE_PREFIX_HEADER = YES;
				GCC_PREFIX_HEADER = "iBeaconDemo/iBeaconDemo-Prefix.pch";
				INFOPLIST_FILE = "iBeaconDemoTests/iBeaconDemoTests-Info.plist";
				PRODUCT_NAME = "$(TARGET_NAME)";
				TEST_HOST = "$(BUNDLE_LOADER)";
				WRAPPER_EXTENSION = xctest;
			};
			name = Release;
		};
/* End XCBuildConfiguration section */

/* Begin XCConfigurationList section */
		28C603C21924D1ED008A1E5D /* Build configuration list for PBXProject "iBeaconDemo" */ = {
			isa = XCConfigurationList;
			buildConfigurations = (
				28C603F71924D1EE008A1E5D /* Debug */,
				28C603F81924D1EE008A1E5D /* Release */,
			);
			defaultConfigurationIsVisible = 0;
			defaultConfigurationName = Release;
		};
		28C603F91924D1EE008A1E5D /* Build configuration list for PBXNativeTarget "iBeaconDemo" */ = {
			isa = XCConfigurationList;
			buildConfigurations = (
				28C603FA1924D1EE008A1E5D /* Debug */,
				28C603FB1924D1EE008A1E5D /* Release */,
			);
			defaultConfigurationIsVisible = 0;
			defaultConfigurationName = Release;
		};
		28C603FC1924D1EE008A1E5D /* Build configuration list for PBXNativeTarget "iBeaconDemoTests" */ = {
			isa = XCConfigurationList;
			buildConfigurations = (
				28C603FD1924D1EE008A1E5D /* Debug */,
				28C603FE1924D1EE008A1E5D /* Release */,
			);
			defaultConfigurationIsVisible = 0;
			defaultConfigurationName = Release;
		};
/* End XCConfigurationList section */
	};
	rootObject = 28C603BF1924D1ED008A1E5D /* Project object */;
}
